
Microsoft Visual Studio Solution File, Format Version 12.00
# Visual Studio Version 17
VisualStudioVersion = 17.0.31903.59
MinimumVisualStudioVersion = 10.0.40219.1
Project("{FAE04EC0-301F-11D3-BF4B-00C04F79EFBC}") = "WaitingRoom", "WaitingRoom\WaitingRoom.csproj", "{A0B475EF-BA34-4D4A-BCE2-DD0E0A6A2C24}"
EndProject
Project("{FAE04EC0-301F-11D3-BF4B-00C04F79EFBC}") = "WaitingRoom.Tests", "WaitingRoom.Tests\WaitingRoom.Tests.csproj", "{23E1C079-7A40-4F4B-ACC1-F5B54F013E20}"
EndProject
Global
	GlobalSection(SolutionConfigurationPlatforms) = preSolution
		Debug|Any CPU = Debug|Any CPU
		Release|Any CPU = Release|Any CPU
	EndGlobalSection
	GlobalSection(SolutionProperties) = preSolution
		HideSolutionNode = FALSE
	EndGlobalSection
	GlobalSection(ProjectConfigurationPlatforms) = postSolution
		{A0B475EF-BA34-4D4A-BCE2-DD0E0A6A2C24}.Debug|Any CPU.ActiveCfg = Debug|Any CPU
		{A0B475EF-BA34-4D4A-BCE2-DD0E0A6A2C24}.Debug|Any CPU.Build.0 = Debug|Any CPU
		{A0B475EF-BA34-4D4A-BCE2-DD0E0A6A2C24}.Release|Any CPU.ActiveCfg = Release|Any CPU
		{A0B475EF-BA34-4D4A-BCE2-DD0E0A6A2C24}.Release|Any CPU.Build.0 = Release|Any CPU
		{23E1C079-7A40-4F4B-ACC1-F5B54F013E20}.Debug|Any CPU.ActiveCfg = Debug|Any CPU
		{23E1C079-7A40-4F4B-ACC1-F5B54F013E20}.Debug|Any CPU.Build.0 = Debug|Any CPU
		{23E1C079-7A40-4F4B-ACC1-F5B54F013E20}.Release|Any CPU.ActiveCfg = Release|Any CPU
		{23E1C079-7A40-4F4B-ACC1-F5B54F013E20}.Release|Any CPU.Build.0 = Release|Any CPU
	EndGlobalSection
EndGlobal
